
Microsoft Visual Studio Solution File, Format Version 12.00
# Visual Studio Version 17
VisualStudioVersion = 17.2.32519.379
MinimumVisualStudioVersion = 10.0.40219.1
Project("{FAE04EC0-301F-11D3-BF4B-00C04F79EFBC}") = "douyinjiexi", "douyinjiexi\douyinjiexi.csproj", "{A677DB58-C55A-48E3-9AD9-DA97F19AF3E8}"
EndProject
Global
	GlobalSection(SolutionConfigurationPlatforms) = preSolution
		Debug|Any CPU = Debug|Any CPU
		Release|Any CPU = Release|Any CPU
	EndGlobalSection
	GlobalSection(ProjectConfigurationPlatforms) = postSolution
		{A677DB58-C55A-48E3-9AD9-DA97F19AF3E8}.Debug|Any CPU.ActiveCfg = Debug|Any CPU
		{A677DB58-C55A-48E3-9AD9-DA97F19AF3E8}.Debug|Any CPU.Build.0 = Debug|Any CPU
		{A677DB58-C55A-48E3-9AD9-DA97F19AF3E8}.Release|Any CPU.ActiveCfg = Release|Any CPU
		{A677DB58-C55A-48E3-9AD9-DA97F19AF3E8}.Release|Any CPU.Build.0 = Release|Any CPU
	EndGlobalSection
	GlobalSection(SolutionProperties) = preSolution
		HideSolutionNode = FALSE
	EndGlobalSection
	GlobalSection(ExtensibilityGlobals) = postSolution
		SolutionGuid = {E2D8CC19-F977-4C69-8364-158CA095DA54}
	EndGlobalSection
EndGlobal
